symfony 3e9d937eb8fedb8a585559e04311ee9a39db421f
twig 5bba14970604a26469af90b605d10c716b3af411
monolog b704c49a3051536f67f2d39f13568f74615b9922
doctrine-common b886898821288d305862ee9c567cc5b5cbb4c0dc
doctrine-dbal ae358bd94ec09d7d3ad92ca7820e67825ad9e5f4
doctrine da0e3439aba4c8bf5e8a6ee4ccee5ce2624be8d1
swiftmailer 982b4c9498b7dd85e70f6d35e65d909c888e6345
assetic f829ad23d23c87480151a21faad49fefe7c09e5d
twig-extensions a05ab5ed18a51ae45f3dcc2d0c4ec9b3a6386987
metadata 8717ad2a5689480765d9ffafe925cd8a2457e582
SensioFrameworkExtraBundle 1c7e92f466d11f83130b0c1271f44d067a2c3b31
JMSSecurityExtraBundle 541a4c242328dc04b99540c75346cc74a7c0cfb5
SensioDistributionBundle 20b66a408084ad8752f98e50f10533f5245310bf
SensioGeneratorBundle dd37fc4487bc09ac01bdcf89e0ff4ee4484b7fab
AsseticBundle 41b5913b5086a0909af92adcb4a6005ee0051b16
doctrine-fixtures 8cf2507e458b8116e8f22f391d05935a585a8700
DoctrineFixturesBundle a66be2f077f3a4e5c3801b356b42b8782f1abbd6
doctrine-migrations 9e81984b0f126b0830d9ac6acc2d1da81aba2b94
DoctrineMigrationsBundle dd9a336c574301b0b6a7e82a0865cab3d4d95503
gedmo-doctrine-extensions c3b4b321884463cc959733d753770dd27725a124
StofDoctrineExtensionsBundle 18576d358e0a4c5fa71386b7d56c3066a0ff126d
knp-components a7a9eec8a1e2559bd74855c5437cbed784282d19
KnpPaginatorBundle 5af9ba6cdcc7f7b45737db808cfe4dd2ad386cf8
KnpMenu 138b735bab508eb3d7266ff64041bb715595b662
KnpMenuBundle 5de114491070a2ccc58ae8c8ac4bef61522e0667